
Microsoft Visual Studio Solution File, Format Version 12.00
# Visual Studio Version 17
VisualStudioVersion = 17.14.36408.4 d17.14
MinimumVisualStudioVersion = 10.0.40219.1
Project("{FAE04EC0-301F-11D3-BF4B-00C04F79EFBC}") = "Projeto 1", "Projeto 1\Projeto 1.csproj", "{C359C8E7-512E-4181-8EBF-932A0599F631}"
EndProject
Global
	GlobalSection(SolutionConfigurationPlatforms) = preSolution
		Debug|Any CPU = Debug|Any CPU
		Release|Any CPU = Release|Any CPU
	EndGlobalSection
	GlobalSection(ProjectConfigurationPlatforms) = postSolution
		{C359C8E7-512E-4181-8EBF-932A0599F631}.Debug|Any CPU.ActiveCfg = Debug|Any CPU
		{C359C8E7-512E-4181-8EBF-932A0599F631}.Debug|Any CPU.Build.0 = Debug|Any CPU
		{C359C8E7-512E-4181-8EBF-932A0599F631}.Release|Any CPU.ActiveCfg = Release|Any CPU
		{C359C8E7-512E-4181-8EBF-932A0599F631}.Release|Any CPU.Build.0 = Release|Any CPU
	EndGlobalSection
	GlobalSection(SolutionProperties) = preSolution
		HideSolutionNode = FALSE
	EndGlobalSection
	GlobalSection(ExtensibilityGlobals) = postSolution
		SolutionGuid = {6924BE5F-AA90-4586-8CBD-A0748F7B7B6A}
	EndGlobalSection
EndGlobal
